
Microsoft Visual Studio Solution File, Format Version 12.00
# Visual Studio 15
VisualStudioVersion = 15.0.27130.2020
MinimumVisualStudioVersion = 10.0.40219.1
Project("{FAE04EC0-301F-11D3-BF4B-00C04F79EFBC}") = "Shom.Iso8211", "Shom.ISO8211\Shom.Iso8211.csproj", "{4C239C1D-04EA-44D9-9037-216A018F827B}"
EndProject
Project("{FAE04EC0-301F-11D3-BF4B-00C04F79EFBC}") = "Shom.s57", "Shom.S57\Shom.s57.csproj", "{446B6DC3-EF7B-4682-9F21-ED76CEBCA62A}"
EndProject
Project("{2150E333-8FDC-42A3-9474-1A3956D46DE8}") = "Solution Items", "Solution Items", "{9A27FF90-638C-4A21-974B-9359883AE561}"
	ProjectSection(SolutionItems) = preProject
		CONTRIBUTING.md = CONTRIBUTING.md
		LICENSE.md = LICENSE.md
		README.md = README.md
	EndProjectSection
EndProject
Project("{FAE04EC0-301F-11D3-BF4B-00C04F79EFBC}") = "Shom.S57.Tests", "Shom.S57.Tests\Shom.S57.Tests.csproj", "{D84DD2FB-DC54-40C1-83EA-C5BA521187F8}"
EndProject
Project("{9A19103F-16F7-4668-BE54-9A1E7A4F7556}") = "Shom.GeoUtilities", "Shom.GeoUtilities\Shom.GeoUtilities.csproj", "{43F57C4F-C980-4178-9386-5780FFF8B9B8}"
EndProject
Global
	GlobalSection(SolutionConfigurationPlatforms) = preSolution
		Debug|Any CPU = Debug|Any CPU
		Release|Any CPU = Release|Any CPU
	EndGlobalSection
	GlobalSection(ProjectConfigurationPlatforms) = postSolution
		{4C239C1D-04EA-44D9-9037-216A018F827B}.Debug|Any CPU.ActiveCfg = Debug|Any CPU
		{4C239C1D-04EA-44D9-9037-216A018F827B}.Debug|Any CPU.Build.0 = Debug|Any CPU
		{4C239C1D-04EA-44D9-9037-216A018F827B}.Release|Any CPU.ActiveCfg = Release|Any CPU
		{4C239C1D-04EA-44D9-9037-216A018F827B}.Release|Any CPU.Build.0 = Release|Any CPU
		{446B6DC3-EF7B-4682-9F21-ED76CEBCA62A}.Debug|Any CPU.ActiveCfg = Debug|Any CPU
		{446B6DC3-EF7B-4682-9F21-ED76CEBCA62A}.Debug|Any CPU.Build.0 = Debug|Any CPU
		{446B6DC3-EF7B-4682-9F21-ED76CEBCA62A}.Release|Any CPU.ActiveCfg = Release|Any CPU
		{446B6DC3-EF7B-4682-9F21-ED76CEBCA62A}.Release|Any CPU.Build.0 = Release|Any CPU
		{D84DD2FB-DC54-40C1-83EA-C5BA521187F8}.Debug|Any CPU.ActiveCfg = Debug|Any CPU
		{D84DD2FB-DC54-40C1-83EA-C5BA521187F8}.Debug|Any CPU.Build.0 = Debug|Any CPU
		{D84DD2FB-DC54-40C1-83EA-C5BA521187F8}.Release|Any CPU.ActiveCfg = Release|Any CPU
		{D84DD2FB-DC54-40C1-83EA-C5BA521187F8}.Release|Any CPU.Build.0 = Release|Any CPU
		{43F57C4F-C980-4178-9386-5780FFF8B9B8}.Debug|Any CPU.ActiveCfg = Debug|Any CPU
		{43F57C4F-C980-4178-9386-5780FFF8B9B8}.Debug|Any CPU.Build.0 = Debug|Any CPU
		{43F57C4F-C980-4178-9386-5780FFF8B9B8}.Release|Any CPU.ActiveCfg = Release|Any CPU
		{43F57C4F-C980-4178-9386-5780FFF8B9B8}.Release|Any CPU.Build.0 = Release|Any CPU
	EndGlobalSection
	GlobalSection(SolutionProperties) = preSolution
		HideSolutionNode = FALSE
	EndGlobalSection
	GlobalSection(ExtensibilityGlobals) = postSolution
		SolutionGuid = {23AB48D8-8984-4E85-A362-84388B800477}
	EndGlobalSection
	GlobalSection(Performance) = preSolution
		HasPerformanceSessions = true
	EndGlobalSection
EndGlobal
